
Microsoft Visual Studio Solution File, Format Version 12.00
# Visual Studio Version 16
VisualStudioVersion = 16.0.31624.102
MinimumVisualStudioVersion = 10.0.40219.1
Project("{9A19103F-16F7-4668-BE54-9A1E7A4F7556}") = "Lab2.2", "Lab2.2.csproj", "{6464EC7C-7944-4EF2-8DDA-410B61E0B3F0}"
EndProject
Project("{2150E333-8FDC-42A3-9474-1A3956D46DE8}") = "Solution Items", "Solution Items", "{5EB9FD1F-7326-4FBC-B90F-EEE9307F1FCF}"
	ProjectSection(SolutionItems) = preProject
		Program.cs2 = Program.cs2
	EndProjectSection
EndProject
Global
	GlobalSection(SolutionConfigurationPlatforms) = preSolution
		Debug|Any CPU = Debug|Any CPU
		Release|Any CPU = Release|Any CPU
	EndGlobalSection
	GlobalSection(ProjectConfigurationPlatforms) = postSolution
		{6464EC7C-7944-4EF2-8DDA-410B61E0B3F0}.Debug|Any CPU.ActiveCfg = Debug|Any CPU
		{6464EC7C-7944-4EF2-8DDA-410B61E0B3F0}.Debug|Any CPU.Build.0 = Debug|Any CPU
		{6464EC7C-7944-4EF2-8DDA-410B61E0B3F0}.Release|Any CPU.ActiveCfg = Release|Any CPU
		{6464EC7C-7944-4EF2-8DDA-410B61E0B3F0}.Release|Any CPU.Build.0 = Release|Any CPU
	EndGlobalSection
	GlobalSection(SolutionProperties) = preSolution
		HideSolutionNode = FALSE
	EndGlobalSection
	GlobalSection(ExtensibilityGlobals) = postSolution
		SolutionGuid = {88ED4DB1-0918-4F72-B6F2-E875A740E080}
	EndGlobalSection
EndGlobal
